
Microsoft Visual Studio Solution File, Format Version 12.00
# Visual Studio Version 17
VisualStudioVersion = 17.10.35122.118
MinimumVisualStudioVersion = 10.0.40219.1
Project("{FAE04EC0-301F-11D3-BF4B-00C04F79EFBC}") = "Server", "Server\Server.csproj", "{10B3B01D-0F08-4596-8008-9CD7757840AF}"
EndProject
Project("{FAE04EC0-301F-11D3-BF4B-00C04F79EFBC}") = "Client", "Client\Client.csproj", "{4CF4D69A-3767-4CC0-B3AE-3160D6C6CC39}"
EndProject
Project("{FAE04EC0-301F-11D3-BF4B-00C04F79EFBC}") = "Common", "Common\Common.csproj", "{F56A5141-19B1-45EE-8DBA-07B46169F27E}"
EndProject
Global
	GlobalSection(SolutionConfigurationPlatforms) = preSolution
		Debug|Any CPU = Debug|Any CPU
		Release|Any CPU = Release|Any CPU
	EndGlobalSection
	GlobalSection(ProjectConfigurationPlatforms) = postSolution
		{10B3B01D-0F08-4596-8008-9CD7757840AF}.Debug|Any CPU.ActiveCfg = Debug|Any CPU
		{10B3B01D-0F08-4596-8008-9CD7757840AF}.Debug|Any CPU.Build.0 = Debug|Any CPU
		{10B3B01D-0F08-4596-8008-9CD7757840AF}.Release|Any CPU.ActiveCfg = Release|Any CPU
		{10B3B01D-0F08-4596-8008-9CD7757840AF}.Release|Any CPU.Build.0 = Release|Any CPU
		{4CF4D69A-3767-4CC0-B3AE-3160D6C6CC39}.Debug|Any CPU.ActiveCfg = Debug|Any CPU
		{4CF4D69A-3767-4CC0-B3AE-3160D6C6CC39}.Debug|Any CPU.Build.0 = Debug|Any CPU
		{4CF4D69A-3767-4CC0-B3AE-3160D6C6CC39}.Release|Any CPU.ActiveCfg = Release|Any CPU
		{4CF4D69A-3767-4CC0-B3AE-3160D6C6CC39}.Release|Any CPU.Build.0 = Release|Any CPU
		{F56A5141-19B1-45EE-8DBA-07B46169F27E}.Debug|Any CPU.ActiveCfg = Debug|Any CPU
		{F56A5141-19B1-45EE-8DBA-07B46169F27E}.Debug|Any CPU.Build.0 = Debug|Any CPU
		{F56A5141-19B1-45EE-8DBA-07B46169F27E}.Release|Any CPU.ActiveCfg = Release|Any CPU
		{F56A5141-19B1-45EE-8DBA-07B46169F27E}.Release|Any CPU.Build.0 = Release|Any CPU
	EndGlobalSection
	GlobalSection(SolutionProperties) = preSolution
		HideSolutionNode = FALSE
	EndGlobalSection
	GlobalSection(ExtensibilityGlobals) = postSolution
		SolutionGuid = {73D0C577-53E8-4456-8D0E-6BE22258AF14}
	EndGlobalSection
EndGlobal
