
Microsoft Visual Studio Solution File, Format Version 12.00
# Visual Studio Version 17
VisualStudioVersion = 17.10.35122.118
MinimumVisualStudioVersion = 10.0.40219.1
Project("{FAE04EC0-301F-11D3-BF4B-00C04F79EFBC}") = "Server", "Server\Server.csproj", "{10B3B01D-0F08-4596-8008-9CD7757840AF}"
EndProject
Project("{FAE04EC0-301F-11D3-BF4B-00C04F79EFBC}") = "ServerDB", "ServerDB\ServerDB.csproj", "{D0BD5514-E133-4179-8A16-D322A92F180D}"
EndProject
Global
	GlobalSection(SolutionConfigurationPlatforms) = preSolution
		Debug|Any CPU = Debug|Any CPU
		Release|Any CPU = Release|Any CPU
	EndGlobalSection
	GlobalSection(ProjectConfigurationPlatforms) = postSolution
		{10B3B01D-0F08-4596-8008-9CD7757840AF}.Debug|Any CPU.ActiveCfg = Debug|Any CPU
		{10B3B01D-0F08-4596-8008-9CD7757840AF}.Debug|Any CPU.Build.0 = Debug|Any CPU
		{10B3B01D-0F08-4596-8008-9CD7757840AF}.Release|Any CPU.ActiveCfg = Release|Any CPU
		{10B3B01D-0F08-4596-8008-9CD7757840AF}.Release|Any CPU.Build.0 = Release|Any CPU
		{D0BD5514-E133-4179-8A16-D322A92F180D}.Debug|Any CPU.ActiveCfg = Debug|Any CPU
		{D0BD5514-E133-4179-8A16-D322A92F180D}.Debug|Any CPU.Build.0 = Debug|Any CPU
		{D0BD5514-E133-4179-8A16-D322A92F180D}.Release|Any CPU.ActiveCfg = Release|Any CPU
		{D0BD5514-E133-4179-8A16-D322A92F180D}.Release|Any CPU.Build.0 = Release|Any CPU
	EndGlobalSection
	GlobalSection(SolutionProperties) = preSolution
		HideSolutionNode = FALSE
	EndGlobalSection
	GlobalSection(ExtensibilityGlobals) = postSolution
		SolutionGuid = {73D0C577-53E8-4456-8D0E-6BE22258AF14}
	EndGlobalSection
EndGlobal
